
Microsoft Visual Studio Solution File, Format Version 12.00
# Visual Studio Version 16
VisualStudioVersion = 25.0.1704.4
MinimumVisualStudioVersion = 10.0.40219.1
Project("{FAE04EC0-301F-11D3-BF4B-00C04F79EFBC}") = "CRUDBackend", "CRUDBackend\CRUDBackend.csproj", "{AA32A239-53F8-40C4-A754-45FE81A94C0B}"
EndProject
Global
	GlobalSection(SolutionConfigurationPlatforms) = preSolution
		Debug|Any CPU = Debug|Any CPU
		Release|Any CPU = Release|Any CPU
	EndGlobalSection
	GlobalSection(ProjectConfigurationPlatforms) = postSolution
		{AA32A239-53F8-40C4-A754-45FE81A94C0B}.Debug|Any CPU.ActiveCfg = Debug|Any CPU
		{AA32A239-53F8-40C4-A754-45FE81A94C0B}.Debug|Any CPU.Build.0 = Debug|Any CPU
		{AA32A239-53F8-40C4-A754-45FE81A94C0B}.Release|Any CPU.ActiveCfg = Release|Any CPU
		{AA32A239-53F8-40C4-A754-45FE81A94C0B}.Release|Any CPU.Build.0 = Release|Any CPU
	EndGlobalSection
	GlobalSection(SolutionProperties) = preSolution
		HideSolutionNode = FALSE
	EndGlobalSection
	GlobalSection(ExtensibilityGlobals) = postSolution
		SolutionGuid = {00BEF7AA-C8F6-41F2-943A-A3DA11B381A2}
	EndGlobalSection
EndGlobal
